
Microsoft Visual Studio Solution File, Format Version 12.00
Project("{FAE04EC0-301F-11D3-BF4B-00C04F79EFBC}") = "PotatoQualityChager", "PotatoQualityChager\PotatoQualityChager.csproj", "{8FDA8CF1-D77D-435D-B67D-83BFC45042CC}"
EndProject
Global
	GlobalSection(SolutionConfigurationPlatforms) = preSolution
		Debug|Any CPU = Debug|Any CPU
		Release|Any CPU = Release|Any CPU
	EndGlobalSection
	GlobalSection(ProjectConfigurationPlatforms) = postSolution
		{8FDA8CF1-D77D-435D-B67D-83BFC45042CC}.Debug|Any CPU.ActiveCfg = Debug|Any CPU
		{8FDA8CF1-D77D-435D-B67D-83BFC45042CC}.Debug|Any CPU.Build.0 = Debug|Any CPU
		{8FDA8CF1-D77D-435D-B67D-83BFC45042CC}.Release|Any CPU.ActiveCfg = Release|Any CPU
		{8FDA8CF1-D77D-435D-B67D-83BFC45042CC}.Release|Any CPU.Build.0 = Release|Any CPU
	EndGlobalSection
EndGlobal
